
Microsoft Visual Studio Solution File, Format Version 12.00
# Visual Studio 2013
VisualStudioVersion = 12.0.40629.0
MinimumVisualStudioVersion = 10.0.40219.1
Project("{FAE04EC0-301F-11D3-BF4B-00C04F79EFBC}") = "ecloning", "ecloning\ecloning.csproj", "{A23B6969-B653-49CB-A6B7-417CDAE99200}"
EndProject
Global
	GlobalSection(SolutionConfigurationPlatforms) = preSolution
		Debug|Any CPU = Debug|Any CPU
		Release|Any CPU = Release|Any CPU
	EndGlobalSection
	GlobalSection(ProjectConfigurationPlatforms) = postSolution
		{A23B6969-B653-49CB-A6B7-417CDAE99200}.Debug|Any CPU.ActiveCfg = Debug|Any CPU
		{A23B6969-B653-49CB-A6B7-417CDAE99200}.Debug|Any CPU.Build.0 = Debug|Any CPU
		{A23B6969-B653-49CB-A6B7-417CDAE99200}.Release|Any CPU.ActiveCfg = Release|Any CPU
		{A23B6969-B653-49CB-A6B7-417CDAE99200}.Release|Any CPU.Build.0 = Release|Any CPU
	EndGlobalSection
	GlobalSection(SolutionProperties) = preSolution
		HideSolutionNode = FALSE
	EndGlobalSection
EndGlobal
